
Microsoft Visual Studio Solution File, Format Version 12.00
# Visual Studio Version 17
VisualStudioVersion = 17.0.31903.59
MinimumVisualStudioVersion = 10.0.40219.1
Project("{9A19103F-16F7-4668-BE54-9A1E7A4F7556}") = "digit-display", "digit-display\digit-display.csproj", "{AC8B6F47-0DEE-47B2-AC39-7FF591B92B1B}"
EndProject
Project("{9A19103F-16F7-4668-BE54-9A1E7A4F7556}") = "recognizer", "recognizer\recognizer.csproj", "{E5D6FA00-D30C-4037-9009-65778090D9FB}"
EndProject
Project("{FAE04EC0-301F-11D3-BF4B-00C04F79EFBC}") = "digit-console", "digit-console\digit-console.csproj", "{992EF0C6-B214-421E-821A-B37E741A6D3F}"
EndProject
Global
	GlobalSection(SolutionConfigurationPlatforms) = preSolution
		Debug|Any CPU = Debug|Any CPU
		Release|Any CPU = Release|Any CPU
	EndGlobalSection
	GlobalSection(ProjectConfigurationPlatforms) = postSolution
		{AC8B6F47-0DEE-47B2-AC39-7FF591B92B1B}.Debug|Any CPU.ActiveCfg = Debug|Any CPU
		{AC8B6F47-0DEE-47B2-AC39-7FF591B92B1B}.Debug|Any CPU.Build.0 = Debug|Any CPU
		{AC8B6F47-0DEE-47B2-AC39-7FF591B92B1B}.Release|Any CPU.ActiveCfg = Release|Any CPU
		{AC8B6F47-0DEE-47B2-AC39-7FF591B92B1B}.Release|Any CPU.Build.0 = Release|Any CPU
		{E5D6FA00-D30C-4037-9009-65778090D9FB}.Debug|Any CPU.ActiveCfg = Debug|Any CPU
		{E5D6FA00-D30C-4037-9009-65778090D9FB}.Debug|Any CPU.Build.0 = Debug|Any CPU
		{E5D6FA00-D30C-4037-9009-65778090D9FB}.Release|Any CPU.ActiveCfg = Release|Any CPU
		{E5D6FA00-D30C-4037-9009-65778090D9FB}.Release|Any CPU.Build.0 = Release|Any CPU
		{992EF0C6-B214-421E-821A-B37E741A6D3F}.Debug|Any CPU.ActiveCfg = Debug|Any CPU
		{992EF0C6-B214-421E-821A-B37E741A6D3F}.Debug|Any CPU.Build.0 = Debug|Any CPU
		{992EF0C6-B214-421E-821A-B37E741A6D3F}.Release|Any CPU.ActiveCfg = Release|Any CPU
		{992EF0C6-B214-421E-821A-B37E741A6D3F}.Release|Any CPU.Build.0 = Release|Any CPU
	EndGlobalSection
	GlobalSection(SolutionProperties) = preSolution
		HideSolutionNode = FALSE
	EndGlobalSection
	GlobalSection(ExtensibilityGlobals) = postSolution
		SolutionGuid = {FF539E09-68FA-4B35-AF8D-D68CA46B8FF0}
	EndGlobalSection
EndGlobal
